
Microsoft Visual Studio Solution File, Format Version 12.00
# Visual Studio Version 16
VisualStudioVersion = 16.0.29318.209
MinimumVisualStudioVersion = 10.0.40219.1
Project("{FAE04EC0-301F-11D3-BF4B-00C04F79EFBC}") = "MongoDbTest", "MongoDbTest.csproj", "{59B1732A-70AE-4004-AF88-CF36E5292558}"
EndProject
Project("{FAE04EC0-301F-11D3-BF4B-00C04F79EFBC}") = "MongoDbTest.Services", "..\MongoDbTest.Services\MongoDbTest.Services.csproj", "{3A5C82B0-2A2E-44A8-963A-4EB8456271F2}"
EndProject
Global
	GlobalSection(SolutionConfigurationPlatforms) = preSolution
		Debug|Any CPU = Debug|Any CPU
		Release|Any CPU = Release|Any CPU
	EndGlobalSection
	GlobalSection(ProjectConfigurationPlatforms) = postSolution
		{59B1732A-70AE-4004-AF88-CF36E5292558}.Debug|Any CPU.ActiveCfg = Debug|Any CPU
		{59B1732A-70AE-4004-AF88-CF36E5292558}.Debug|Any CPU.Build.0 = Debug|Any CPU
		{59B1732A-70AE-4004-AF88-CF36E5292558}.Release|Any CPU.ActiveCfg = Release|Any CPU
		{59B1732A-70AE-4004-AF88-CF36E5292558}.Release|Any CPU.Build.0 = Release|Any CPU
		{3A5C82B0-2A2E-44A8-963A-4EB8456271F2}.Debug|Any CPU.ActiveCfg = Debug|Any CPU
		{3A5C82B0-2A2E-44A8-963A-4EB8456271F2}.Debug|Any CPU.Build.0 = Debug|Any CPU
		{3A5C82B0-2A2E-44A8-963A-4EB8456271F2}.Release|Any CPU.ActiveCfg = Release|Any CPU
		{3A5C82B0-2A2E-44A8-963A-4EB8456271F2}.Release|Any CPU.Build.0 = Release|Any CPU
	EndGlobalSection
	GlobalSection(SolutionProperties) = preSolution
		HideSolutionNode = FALSE
	EndGlobalSection
	GlobalSection(ExtensibilityGlobals) = postSolution
		SolutionGuid = {F84CA69A-525F-48A8-9498-716A39031B04}
	EndGlobalSection
EndGlobal
